PODS:
  - LRImageManager (1.0):
    - Reachability
  - Reachability (3.1.1)

DEPENDENCIES:
  - LRImageManager (from `../.`)

EXTERNAL SOURCES:
  LRImageManager:
    :path: ../.

SPEC CHECKSUMS:
  LRImageManager: 2df0d12a5d95313e7eaf087f5c64fdaec9181742
  Reachability: 8e9635e3cb4f98e7f825e51147f677ecc694d0e7

COCOAPODS: 0.35.0
